
Microsoft Visual Studio Solution File, Format Version 12.00
# Visual Studio 15
VisualStudioVersion = 15.0.26730.16
MinimumVisualStudioVersion = 10.0.40219.1
Project("{D954291E-2A0B-460D-934E-DC6B0785DB48}") = "TestApp", "TestApp\TestApp\TestApp.shproj", "{B8A3BF7C-C3B3-4099-9039-CC668A831C27}"
EndProject
Project("{FAE04EC0-301F-11D3-BF4B-00C04F79EFBC}") = "TestApp.Android", "TestApp\TestApp.Android\TestApp.Android.csproj", "{C91053C6-C1BA-4425-BA62-85D8FEEFA1F7}"
EndProject
Project("{FAE04EC0-301F-11D3-BF4B-00C04F79EFBC}") = "TestApp.iOS", "TestApp\TestApp.iOS\TestApp.iOS.csproj", "{14907DC6-5D7A-40B2-ACEB-731F55B7EAA4}"
EndProject
Project("{FAE04EC0-301F-11D3-BF4B-00C04F79EFBC}") = "TestApp.UWP", "TestApp\TestApp.UWP\TestApp.UWP.csproj", "{E6F0882D-2D99-47B0-A647-80564ED2C2A1}"
EndProject
Global
	GlobalSection(SharedMSBuildProjectFiles) = preSolution
		TestApp\TestApp\TestApp.projitems*{14907dc6-5d7a-40b2-aceb-731f55b7eaa4}*SharedItemsImports = 4
		TestApp\TestApp\TestApp.projitems*{b8a3bf7c-c3b3-4099-9039-cc668a831c27}*SharedItemsImports = 13
	EndGlobalSection
	GlobalSection(SolutionConfigurationPlatforms) = preSolution
		Debug|Any CPU = Debug|Any CPU
		Debug|ARM = Debug|ARM
		Debug|iPhone = Debug|iPhone
		Debug|iPhoneSimulator = Debug|iPhoneSimulator
		Debug|x64 = Debug|x64
		Debug|x86 = Debug|x86
		Release|Any CPU = Release|Any CPU
		Release|ARM = Release|ARM
		Release|iPhone = Release|iPhone
		Release|iPhoneSimulator = Release|iPhoneSimulator
		Release|x64 = Release|x64
		Release|x86 = Release|x86
	EndGlobalSection
	GlobalSection(ProjectConfigurationPlatforms) = postSolution
		{C91053C6-C1BA-4425-BA62-85D8FEEFA1F7}.Debug|Any CPU.ActiveCfg = Debug|Any CPU
		{C91053C6-C1BA-4425-BA62-85D8FEEFA1F7}.Debug|Any CPU.Build.0 = Debug|Any CPU
		{C91053C6-C1BA-4425-BA62-85D8FEEFA1F7}.Debug|Any CPU.Deploy.0 = Debug|Any CPU
		{C91053C6-C1BA-4425-BA62-85D8FEEFA1F7}.Debug|ARM.ActiveCfg = Debug|Any CPU
		{C91053C6-C1BA-4425-BA62-85D8FEEFA1F7}.Debug|ARM.Build.0 = Debug|Any CPU
		{C91053C6-C1BA-4425-BA62-85D8FEEFA1F7}.Debug|ARM.Deploy.0 = Debug|Any CPU
		{C91053C6-C1BA-4425-BA62-85D8FEEFA1F7}.Debug|iPhone.ActiveCfg = Debug|Any CPU
		{C91053C6-C1BA-4425-BA62-85D8FEEFA1F7}.Debug|iPhone.Build.0 = Debug|Any CPU
		{C91053C6-C1BA-4425-BA62-85D8FEEFA1F7}.Debug|iPhone.Deploy.0 = Debug|Any CPU
		{C91053C6-C1BA-4425-BA62-85D8FEEFA1F7}.Debug|iPhoneSimulator.ActiveCfg = Debug|Any CPU
		{C91053C6-C1BA-4425-BA62-85D8FEEFA1F7}.Debug|iPhoneSimulator.Build.0 = Debug|Any CPU
		{C91053C6-C1BA-4425-BA62-85D8FEEFA1F7}.Debug|iPhoneSimulator.Deploy.0 = Debug|Any CPU
		{C91053C6-C1BA-4425-BA62-85D8FEEFA1F7}.Debug|x64.ActiveCfg = Debug|Any CPU
		{C91053C6-C1BA-4425-BA62-85D8FEEFA1F7}.Debug|x64.Build.0 = Debug|Any CPU
		{C91053C6-C1BA-4425-BA62-85D8FEEFA1F7}.Debug|x64.Deploy.0 = Debug|Any CPU
		{C91053C6-C1BA-4425-BA62-85D8FEEFA1F7}.Debug|x86.ActiveCfg = Debug|Any CPU
		{C91053C6-C1BA-4425-BA62-85D8FEEFA1F7}.Debug|x86.Build.0 = Debug|Any CPU
		{C91053C6-C1BA-4425-BA62-85D8FEEFA1F7}.Debug|x86.Deploy.0 = Debug|Any CPU
		{C91053C6-C1BA-4425-BA62-85D8FEEFA1F7}.Release|Any CPU.ActiveCfg = Release|Any CPU
		{C91053C6-C1BA-4425-BA62-85D8FEEFA1F7}.Release|Any CPU.Build.0 = Release|Any CPU
		{C91053C6-C1BA-4425-BA62-85D8FEEFA1F7}.Release|Any CPU.Deploy.0 = Release|Any CPU
		{C91053C6-C1BA-4425-BA62-85D8FEEFA1F7}.Release|ARM.ActiveCfg = Release|Any CPU
		{C91053C6-C1BA-4425-BA62-85D8FEEFA1F7}.Release|ARM.Build.0 = Release|Any CPU
		{C91053C6-C1BA-4425-BA62-85D8FEEFA1F7}.Release|ARM.Deploy.0 = Release|Any CPU
		{C91053C6-C1BA-4425-BA62-85D8FEEFA1F7}.Release|iPhone.ActiveCfg = Release|Any CPU
		{C91053C6-C1BA-4425-BA62-85D8FEEFA1F7}.Release|iPhone.Build.0 = Release|Any CPU
		{C91053C6-C1BA-4425-BA62-85D8FEEFA1F7}.Release|iPhone.Deploy.0 = Release|Any CPU
		{C91053C6-C1BA-4425-BA62-85D8FEEFA1F7}.Release|iPhoneSimulator.ActiveCfg = Release|Any CPU
		{C91053C6-C1BA-4425-BA62-85D8FEEFA1F7}.Release|iPhoneSimulator.Build.0 = Release|Any CPU
		{C91053C6-C1BA-4425-BA62-85D8FEEFA1F7}.Release|iPhoneSimulator.Deploy.0 = Release|Any CPU
		{C91053C6-C1BA-4425-BA62-85D8FEEFA1F7}.Release|x64.ActiveCfg = Release|Any CPU
		{C91053C6-C1BA-4425-BA62-85D8FEEFA1F7}.Release|x64.Build.0 = Release|Any CPU
		{C91053C6-C1BA-4425-BA62-85D8FEEFA1F7}.Release|x64.Deploy.0 = Release|Any CPU
		{C91053C6-C1BA-4425-BA62-85D8FEEFA1F7}.Release|x86.ActiveCfg = Release|Any CPU
		{C91053C6-C1BA-4425-BA62-85D8FEEFA1F7}.Release|x86.Build.0 = Release|Any CPU
		{C91053C6-C1BA-4425-BA62-85D8FEEFA1F7}.Release|x86.Deploy.0 = Release|Any CPU
		{14907DC6-5D7A-40B2-ACEB-731F55B7EAA4}.Debug|Any CPU.ActiveCfg = Debug|iPhone
		{14907DC6-5D7A-40B2-ACEB-731F55B7EAA4}.Debug|ARM.ActiveCfg = Debug|iPhone
		{14907DC6-5D7A-40B2-ACEB-731F55B7EAA4}.Debug|iPhone.ActiveCfg = Debug|iPhone
		{14907DC6-5D7A-40B2-ACEB-731F55B7EAA4}.Debug|iPhone.Build.0 = Debug|iPhone
		{14907DC6-5D7A-40B2-ACEB-731F55B7EAA4}.Debug|iPhoneSimulator.ActiveCfg = Debug|iPhoneSimulator
		{14907DC6-5D7A-40B2-ACEB-731F55B7EAA4}.Debug|iPhoneSimulator.Build.0 = Debug|iPhoneSimulator
		{14907DC6-5D7A-40B2-ACEB-731F55B7EAA4}.Debug|x64.ActiveCfg = Debug|iPhone
		{14907DC6-5D7A-40B2-ACEB-731F55B7EAA4}.Debug|x86.ActiveCfg = Debug|iPhone
		{14907DC6-5D7A-40B2-ACEB-731F55B7EAA4}.Release|Any CPU.ActiveCfg = Release|iPhone
		{14907DC6-5D7A-40B2-ACEB-731F55B7EAA4}.Release|ARM.ActiveCfg = Release|iPhone
		{14907DC6-5D7A-40B2-ACEB-731F55B7EAA4}.Release|iPhone.ActiveCfg = Release|iPhone
		{14907DC6-5D7A-40B2-ACEB-731F55B7EAA4}.Release|iPhone.Build.0 = Release|iPhone
		{14907DC6-5D7A-40B2-ACEB-731F55B7EAA4}.Release|iPhoneSimulator.ActiveCfg = Release|iPhoneSimulator
		{14907DC6-5D7A-40B2-ACEB-731F55B7EAA4}.Release|iPhoneSimulator.Build.0 = Release|iPhoneSimulator
		{14907DC6-5D7A-40B2-ACEB-731F55B7EAA4}.Release|x64.ActiveCfg = Release|iPhone
		{14907DC6-5D7A-40B2-ACEB-731F55B7EAA4}.Release|x86.ActiveCfg = Release|iPhone
		{E6F0882D-2D99-47B0-A647-80564ED2C2A1}.Debug|Any CPU.ActiveCfg = Debug|x86
		{E6F0882D-2D99-47B0-A647-80564ED2C2A1}.Debug|ARM.ActiveCfg = Debug|ARM
		{E6F0882D-2D99-47B0-A647-80564ED2C2A1}.Debug|ARM.Build.0 = Debug|ARM
		{E6F0882D-2D99-47B0-A647-80564ED2C2A1}.Debug|ARM.Deploy.0 = Debug|ARM
		{E6F0882D-2D99-47B0-A647-80564ED2C2A1}.Debug|iPhone.ActiveCfg = Debug|x86
		{E6F0882D-2D99-47B0-A647-80564ED2C2A1}.Debug|iPhoneSimulator.ActiveCfg = Debug|x86
		{E6F0882D-2D99-47B0-A647-80564ED2C2A1}.Debug|x64.ActiveCfg = Debug|x64
		{E6F0882D-2D99-47B0-A647-80564ED2C2A1}.Debug|x64.Build.0 = Debug|x64
		{E6F0882D-2D99-47B0-A647-80564ED2C2A1}.Debug|x64.Deploy.0 = Debug|x64
		{E6F0882D-2D99-47B0-A647-80564ED2C2A1}.Debug|x86.ActiveCfg = Debug|x86
		{E6F0882D-2D99-47B0-A647-80564ED2C2A1}.Debug|x86.Build.0 = Debug|x86
		{E6F0882D-2D99-47B0-A647-80564ED2C2A1}.Debug|x86.Deploy.0 = Debug|x86
		{E6F0882D-2D99-47B0-A647-80564ED2C2A1}.Release|Any CPU.ActiveCfg = Release|x86
		{E6F0882D-2D99-47B0-A647-80564ED2C2A1}.Release|ARM.ActiveCfg = Release|ARM
		{E6F0882D-2D99-47B0-A647-80564ED2C2A1}.Release|ARM.Build.0 = Release|ARM
		{E6F0882D-2D99-47B0-A647-80564ED2C2A1}.Release|ARM.Deploy.0 = Release|ARM
		{E6F0882D-2D99-47B0-A647-80564ED2C2A1}.Release|iPhone.ActiveCfg = Release|x86
		{E6F0882D-2D99-47B0-A647-80564ED2C2A1}.Release|iPhoneSimulator.ActiveCfg = Release|x86
		{E6F0882D-2D99-47B0-A647-80564ED2C2A1}.Release|x64.ActiveCfg = Release|x64
		{E6F0882D-2D99-47B0-A647-80564ED2C2A1}.Release|x64.Build.0 = Release|x64
		{E6F0882D-2D99-47B0-A647-80564ED2C2A1}.Release|x64.Deploy.0 = Release|x64
		{E6F0882D-2D99-47B0-A647-80564ED2C2A1}.Release|x86.ActiveCfg = Release|x86
		{E6F0882D-2D99-47B0-A647-80564ED2C2A1}.Release|x86.Build.0 = Release|x86
		{E6F0882D-2D99-47B0-A647-80564ED2C2A1}.Release|x86.Deploy.0 = Release|x86
	EndGlobalSection
	GlobalSection(SolutionProperties) = preSolution
		HideSolutionNode = FALSE
	EndGlobalSection
	GlobalSection(ExtensibilityGlobals) = postSolution
		SolutionGuid = {48CF1DF8-C369-4C55-B691-56AB4F6FB0B1}
	EndGlobalSection
EndGlobal
